// !$*UTF8*$!
{
	archiveVersion = 1;
	classes = {
	};
	objectVersion = 60;
	objects = {

/* Begin PBXBuildFile section */
		2422EE4C2C47EE8800F83490 /* UIApplication.swift in Sources */ = {isa = PBXBuildFile; fileRef = 2422EE4B2C47EE8800F83490 /* UIApplication.swift */; };
		244749ED2C515ED60011160C /* StatisticModel.swift in Sources */ = {isa = PBXBuildFile; fileRef = 244749EC2C515ED60011160C /* StatisticModel.swift */; };
		244749EF2C51615E0011160C /* StatisticView.swift in Sources */ = {isa = PBXBuildFile; fileRef = 244749EE2C51615E0011160C /* StatisticView.swift */; };
		24565E5A2C45BE8E00E162FB /* SearchBarView.swift in Sources */ = {isa = PBXBuildFile; fileRef = 24565E592C45BE8E00E162FB /* SearchBarView.swift */; };
		24A15B552C430DD800CFE811 /* HomeViewModel.swift in Sources */ = {isa = PBXBuildFile; fileRef = 24A15B542C430DD800CFE811 /* HomeViewModel.swift */; };
		24A15B582C442C3B00CFE811 /* CoinDataService.swift in Sources */ = {isa = PBXBuildFile; fileRef = 24A15B572C442C3B00CFE811 /* CoinDataService.swift */; };
		24C98FD92C5188170001FC49 /* HomeStatsView.swift in Sources */ = {isa = PBXBuildFile; fileRef = 24C98FD82C5188170001FC49 /* HomeStatsView.swift */; };
		24C98FDB2C518F5F0001FC49 /* MarketDataModel.swift in Sources */ = {isa = PBXBuildFile; fileRef = 24C98FDA2C518F5F0001FC49 /* MarketDataModel.swift */; };
		24C98FDD2C522C190001FC49 /* MarketDataService.swift in Sources */ = {isa = PBXBuildFile; fileRef = 24C98FDC2C522C190001FC49 /* MarketDataService.swift */; };
		24EC11972C3E613E002BEF69 /* CryptoAppApp.swift in Sources */ = {isa = PBXBuildFile; fileRef = 24EC11962C3E613E002BEF69 /* CryptoAppApp.swift */; };
		24EC11992C3E613E002BEF69 /* ContentView.swift in Sources */ = {isa = PBXBuildFile; fileRef = 24EC11982C3E613E002BEF69 /* ContentView.swift */; };
		24EC119B2C3E6140002BEF69 /* Assets.xcassets in Resources */ = {isa = PBXBuildFile; fileRef = 24EC119A2C3E6140002BEF69 /* Assets.xcassets */; };
		24EC119E2C3E6140002BEF69 /* Preview Assets.xcassets in Resources */ = {isa = PBXBuildFile; fileRef = 24EC119D2C3E6140002BEF69 /* Preview Assets.xcassets */; };
		24EC11A82C3E65A4002BEF69 /* Color.swift in Sources */ = {isa = PBXBuildFile; fileRef = 24EC11A72C3E65A4002BEF69 /* Color.swift */; };
		24EC11AE2C3E6804002BEF69 /* HomeView.swift in Sources */ = {isa = PBXBuildFile; fileRef = 24EC11AD2C3E6804002BEF69 /* HomeView.swift */; };
		24EC11B12C3E699C002BEF69 /* CircleButtonView.swift in Sources */ = {isa = PBXBuildFile; fileRef = 24EC11B02C3E699C002BEF69 /* CircleButtonView.swift */; };
		24EC11B32C3E6CE5002BEF69 /* CircleButtonAnimationView.swift in Sources */ = {isa = PBXBuildFile; fileRef = 24EC11B22C3E6CE5002BEF69 /* CircleButtonAnimationView.swift */; };
		24EC11B62C3E7555002BEF69 /* CoinModel.swift in Sources */ = {isa = PBXBuildFile; fileRef = 24EC11B52C3E7555002BEF69 /* CoinModel.swift */; };
		24EC11B82C3E9534002BEF69 /* CoinRowView.swift in Sources */ = {isa = PBXBuildFile; fileRef = 24EC11B72C3E9534002BEF69 /* CoinRowView.swift */; };
		24EC11BA2C3E95B7002BEF69 /* PreviewProvider.swift in Sources */ = {isa = PBXBuildFile; fileRef = 24EC11B92C3E95B7002BEF69 /* PreviewProvider.swift */; };
		24EC11BC2C419CC2002BEF69 /* Double.swift in Sources */ = {isa = PBXBuildFile; fileRef = 24EC11BB2C419CC2002BEF69 /* Double.swift */; };
		24EF0C892C45123D00FFE29F /* NetworkingManager .swift in Sources */ = {isa = PBXBuildFile; fileRef = 24EF0C882C45123D00FFE29F /* NetworkingManager .swift */; };
		24EF0C8C2C45153700FFE29F /* CoinImageView.swift in Sources */ = {isa = PBXBuildFile; fileRef = 24EF0C8B2C45153700FFE29F /* CoinImageView.swift */; };
		24EF0C8E2C45237F00FFE29F /* CoinImageService.swift in Sources */ = {isa = PBXBuildFile; fileRef = 24EF0C8D2C45237F00FFE29F /* CoinImageService.swift */; };
		24EF0C902C452D4700FFE29F /* CoinImageViewModel.swift in Sources */ = {isa = PBXBuildFile; fileRef = 24EF0C8F2C452D4700FFE29F /* CoinImageViewModel.swift */; };
		24EF0C922C454B1700FFE29F /* LocalFileManager.swift in Sources */ = {isa = PBXBuildFile; fileRef = 24EF0C912C454B1700FFE29F /* LocalFileManager.swift */; };
/* End PBXBuildFile section */

/* Begin PBXFileReference section */
		2422EE4B2C47EE8800F83490 /* UIApplication.swift */ = {isa = PBXFileReference; lastKnownFileType = sourcecode.swift; path = UIApplication.swift; sourceTree = "<group>"; };
		244749EC2C515ED60011160C /* StatisticModel.swift */ = {isa = PBXFileReference; lastKnownFileType = sourcecode.swift; path = StatisticModel.swift; sourceTree = "<group>"; };
		244749EE2C51615E0011160C /* StatisticView.swift */ = {isa = PBXFileReference; lastKnownFileType = sourcecode.swift; path = StatisticView.swift; sourceTree = "<group>"; };
		24565E592C45BE8E00E162FB /* SearchBarView.swift */ = {isa = PBXFileReference; lastKnownFileType = sourcecode.swift; path = SearchBarView.swift; sourceTree = "<group>"; };
		24A15B542C430DD800CFE811 /* HomeViewModel.swift */ = {isa = PBXFileReference; lastKnownFileType = sourcecode.swift; path = HomeViewModel.swift; sourceTree = "<group>"; };
		24A15B572C442C3B00CFE811 /* CoinDataService.swift */ = {isa = PBXFileReference; lastKnownFileType = sourcecode.swift; path = CoinDataService.swift; sourceTree = "<group>"; };
		24C98FD82C5188170001FC49 /* HomeStatsView.swift */ = {isa = PBXFileReference; lastKnownFileType = sourcecode.swift; path = HomeStatsView.swift; sourceTree = "<group>"; };
		24C98FDA2C518F5F0001FC49 /* MarketDataModel.swift */ = {isa = PBXFileReference; lastKnownFileType = sourcecode.swift; path = MarketDataModel.swift; sourceTree = "<group>"; };
		24C98FDC2C522C190001FC49 /* MarketDataService.swift */ = {isa = PBXFileReference; lastKnownFileType = sourcecode.swift; path = MarketDataService.swift; sourceTree = "<group>"; };
		24EC11932C3E613E002BEF69 /* CryptoApp.app */ = {isa = PBXFileReference; explicitFileType = wrapper.application; includeInIndex = 0; path = CryptoApp.app; sourceTree = BUILT_PRODUCTS_DIR; };
		24EC11962C3E613E002BEF69 /* CryptoAppApp.swift */ = {isa = PBXFileReference; lastKnownFileType = sourcecode.swift; path = CryptoAppApp.swift; sourceTree = "<group>"; };
		24EC11982C3E613E002BEF69 /* ContentView.swift */ = {isa = PBXFileReference; lastKnownFileType = sourcecode.swift; path = ContentView.swift; sourceTree = "<group>"; };
		24EC119A2C3E6140002BEF69 /* Assets.xcassets */ = {isa = PBXFileReference; lastKnownFileType = folder.assetcatalog; path = Assets.xcassets; sourceTree = "<group>"; };
		24EC119D2C3E6140002BEF69 /* Preview Assets.xcassets */ = {isa = PBXFileReference; lastKnownFileType = folder.assetcatalog; path = "Preview Assets.xcassets"; sourceTree = "<group>"; };
		24EC11A72C3E65A4002BEF69 /* Color.swift */ = {isa = PBXFileReference; lastKnownFileType = sourcecode.swift; path = Color.swift; sourceTree = "<group>"; };
		24EC11AD2C3E6804002BEF69 /* HomeView.swift */ = {isa = PBXFileReference; lastKnownFileType = sourcecode.swift; path = HomeView.swift; sourceTree = "<group>"; };
		24EC11B02C3E699C002BEF69 /* CircleButtonView.swift */ = {isa = PBXFileReference; lastKnownFileType = sourcecode.swift; path = CircleButtonView.swift; sourceTree = "<group>"; };
		24EC11B22C3E6CE5002BEF69 /* CircleButtonAnimationView.swift */ = {isa = PBXFileReference; lastKnownFileType = sourcecode.swift; path = CircleButtonAnimationView.swift; sourceTree = "<group>"; };
		24EC11B52C3E7555002BEF69 /* CoinModel.swift */ = {isa = PBXFileReference; lastKnownFileType = sourcecode.swift; path = CoinModel.swift; sourceTree = "<group>"; };
		24EC11B72C3E9534002BEF69 /* CoinRowView.swift */ = {isa = PBXFileReference; lastKnownFileType = sourcecode.swift; path = CoinRowView.swift; sourceTree = "<group>"; };
		24EC11B92C3E95B7002BEF69 /* PreviewProvider.swift */ = {isa = PBXFileReference; lastKnownFileType = sourcecode.swift; path = PreviewProvider.swift; sourceTree = "<group>"; };
		24EC11BB2C419CC2002BEF69 /* Double.swift */ = {isa = PBXFileReference; lastKnownFileType = sourcecode.swift; path = Double.swift; sourceTree = "<group>"; };
		24EF0C882C45123D00FFE29F /* NetworkingManager .swift */ = {isa = PBXFileReference; lastKnownFileType = sourcecode.swift; path = "NetworkingManager .swift"; sourceTree = "<group>"; };
		24EF0C8B2C45153700FFE29F /* CoinImageView.swift */ = {isa = PBXFileReference; lastKnownFileType = sourcecode.swift; path = CoinImageView.swift; sourceTree = "<group>"; };
		24EF0C8D2C45237F00FFE29F /* CoinImageService.swift */ = {isa = PBXFileReference; lastKnownFileType = sourcecode.swift; path = CoinImageService.swift; sourceTree = "<group>"; };
		24EF0C8F2C452D4700FFE29F /* CoinImageViewModel.swift */ = {isa = PBXFileReference; lastKnownFileType = sourcecode.swift; path = CoinImageViewModel.swift; sourceTree = "<group>"; };
		24EF0C912C454B1700FFE29F /* LocalFileManager.swift */ = {isa = PBXFileReference; lastKnownFileType = sourcecode.swift; path = LocalFileManager.swift; sourceTree = "<group>"; };
/* End PBXFileReference section */

/* Begin PBXFrameworksBuildPhase section */
		24EC11902C3E613E002BEF69 /* Frameworks */ = {
			isa = PBXFrameworksBuildPhase;
			buildActionMask = 2147483647;
			files = (
			);
			runOnlyForDeploymentPostprocessing = 0;
		};
/* End PBXFrameworksBuildPhase section */

/* Begin PBXGroup section */
		24A15B562C442C0F00CFE811 /* Services */ = {
			isa = PBXGroup;
			children = (
				24A15B572C442C3B00CFE811 /* CoinDataService.swift */,
				24EF0C8D2C45237F00FFE29F /* CoinImageService.swift */,
				24C98FDC2C522C190001FC49 /* MarketDataService.swift */,
			);
			path = Services;
			sourceTree = "<group>";
		};
		24EC118A2C3E613E002BEF69 = {
			isa = PBXGroup;
			children = (
				24EC11952C3E613E002BEF69 /* CryptoApp */,
				24EC11942C3E613E002BEF69 /* Products */,
			);
			sourceTree = "<group>";
		};
		24EC11942C3E613E002BEF69 /* Products */ = {
			isa = PBXGroup;
			children = (
				24EC11932C3E613E002BEF69 /* CryptoApp.app */,
			);
			name = Products;
			sourceTree = "<group>";
		};
		24EC11952C3E613E002BEF69 /* CryptoApp */ = {
			isa = PBXGroup;
			children = (
				24EF0C872C45120B00FFE29F /* Utilities */,
				24EC11A42C3E6571002BEF69 /* Extensions */,
				24A15B562C442C0F00CFE811 /* Services */,
				24EC11B42C3E7533002BEF69 /* Models */,
				24EC11A92C3E67CE002BEF69 /* Core */,
				24EC11962C3E613E002BEF69 /* CryptoAppApp.swift */,
				24EC11982C3E613E002BEF69 /* ContentView.swift */,
				24EC119A2C3E6140002BEF69 /* Assets.xcassets */,
				24EC119C2C3E6140002BEF69 /* Preview Content */,
			);
			path = CryptoApp;
			sourceTree = "<group>";
		};
		24EC119C2C3E6140002BEF69 /* Preview Content */ = {
			isa = PBXGroup;
			children = (
				24EC119D2C3E6140002BEF69 /* Preview Assets.xcassets */,
			);
			path = "Preview Content";
			sourceTree = "<group>";
		};
		24EC11A42C3E6571002BEF69 /* Extensions */ = {
			isa = PBXGroup;
			children = (
				24EC11A72C3E65A4002BEF69 /* Color.swift */,
				24EC11B92C3E95B7002BEF69 /* PreviewProvider.swift */,
				24EC11BB2C419CC2002BEF69 /* Double.swift */,
				2422EE4B2C47EE8800F83490 /* UIApplication.swift */,
			);
			path = Extensions;
			sourceTree = "<group>";
		};
		24EC11A92C3E67CE002BEF69 /* Core */ = {
			isa = PBXGroup;
			children = (
				24EC11AF2C3E6979002BEF69 /* UtilityComponents */,
				24EC11AA2C3E67D5002BEF69 /* Home */,
			);
			path = Core;
			sourceTree = "<group>";
		};
		24EC11AA2C3E67D5002BEF69 /* Home */ = {
			isa = PBXGroup;
			children = (
				24EC11AC2C3E67E6002BEF69 /* ViewModel */,
				24EC11AB2C3E67DC002BEF69 /* Views */,
			);
			path = Home;
			sourceTree = "<group>";
		};
		24EC11AB2C3E67DC002BEF69 /* Views */ = {
			isa = PBXGroup;
			children = (
				24EC11AD2C3E6804002BEF69 /* HomeView.swift */,
				24EC11B72C3E9534002BEF69 /* CoinRowView.swift */,
				24C98FD82C5188170001FC49 /* HomeStatsView.swift */,
			);
			path = Views;
			sourceTree = "<group>";
		};
		24EC11AC2C3E67E6002BEF69 /* ViewModel */ = {
			isa = PBXGroup;
			children = (
				24A15B542C430DD800CFE811 /* HomeViewModel.swift */,
			);
			path = ViewModel;
			sourceTree = "<group>";
		};
		24EC11AF2C3E6979002BEF69 /* UtilityComponents */ = {
			isa = PBXGroup;
			children = (
				24EF0C8A2C45151800FFE29F /* CoinImage */,
				24EC11B02C3E699C002BEF69 /* CircleButtonView.swift */,
				24EC11B22C3E6CE5002BEF69 /* CircleButtonAnimationView.swift */,
				24565E592C45BE8E00E162FB /* SearchBarView.swift */,
				244749EE2C51615E0011160C /* StatisticView.swift */,
			);
			path = UtilityComponents;
			sourceTree = "<group>";
		};
		24EC11B42C3E7533002BEF69 /* Models */ = {
			isa = PBXGroup;
			children = (
				24EC11B52C3E7555002BEF69 /* CoinModel.swift */,
				244749EC2C515ED60011160C /* StatisticModel.swift */,
				24C98FDA2C518F5F0001FC49 /* MarketDataModel.swift */,
			);
			path = Models;
			sourceTree = "<group>";
		};
		24EF0C872C45120B00FFE29F /* Utilities */ = {
			isa = PBXGroup;
			children = (
				24EF0C882C45123D00FFE29F /* NetworkingManager .swift */,
				24EF0C912C454B1700FFE29F /* LocalFileManager.swift */,
			);
			path = Utilities;
			sourceTree = "<group>";
		};
		24EF0C8A2C45151800FFE29F /* CoinImage */ = {
			isa = PBXGroup;
			children = (
				24EF0C8B2C45153700FFE29F /* CoinImageView.swift */,
				24EF0C8F2C452D4700FFE29F /* CoinImageViewModel.swift */,
			);
			path = CoinImage;
			sourceTree = "<group>";
		};
/* End PBXGroup section */

/* Begin PBXNativeTarget section */
		24EC11922C3E613E002BEF69 /* CryptoApp */ = {
			isa = PBXNativeTarget;
			buildConfigurationList = 24EC11A12C3E6140002BEF69 /* Build configuration list for PBXNativeTarget "CryptoApp" */;
			buildPhases = (
				24EC118F2C3E613E002BEF69 /* Sources */,
				24EC11902C3E613E002BEF69 /* Frameworks */,
				24EC11912C3E613E002BEF69 /* Resources */,
			);
			buildRules = (
			);
			dependencies = (
			);
			name = CryptoApp;
			productName = CryptoApp;
			productReference = 24EC11932C3E613E002BEF69 /* CryptoApp.app */;
			productType = "com.apple.product-type.application";
		};
/* End PBXNativeTarget section */

/* Begin PBXProject section */
		24EC118B2C3E613E002BEF69 /* Project object */ = {
			isa = PBXProject;
			attributes = {
				BuildIndependentTargetsInParallel = 1;
				LastSwiftUpdateCheck = 1600;
				LastUpgradeCheck = 1600;
				TargetAttributes = {
					24EC11922C3E613E002BEF69 = {
						CreatedOnToolsVersion = 16.0;
					};
				};
			};
			buildConfigurationList = 24EC118E2C3E613E002BEF69 /* Build configuration list for PBXProject "CryptoApp" */;
			compatibilityVersion = "Xcode 15.0";
			developmentRegion = en;
			hasScannedForEncodings = 0;
			knownRegions = (
				en,
				Base,
			);
			mainGroup = 24EC118A2C3E613E002BEF69;
			productRefGroup = 24EC11942C3E613E002BEF69 /* Products */;
			projectDirPath = "";
			projectRoot = "";
			targets = (
				24EC11922C3E613E002BEF69 /* CryptoApp */,
			);
		};
/* End PBXProject section */

/* Begin PBXResourcesBuildPhase section */
		24EC11912C3E613E002BEF69 /* Resources */ = {
			isa = PBXResourcesBuildPhase;
			buildActionMask = 2147483647;
			files = (
				24EC119E2C3E6140002BEF69 /* Preview Assets.xcassets in Resources */,
				24EC119B2C3E6140002BEF69 /* Assets.xcassets in Resources */,
			);
			runOnlyForDeploymentPostprocessing = 0;
		};
/* End PBXResourcesBuildPhase section */

/* Begin PBXSourcesBuildPhase section */
		24EC118F2C3E613E002BEF69 /* Sources */ = {
			isa = PBXSourcesBuildPhase;
			buildActionMask = 2147483647;
			files = (
				244749ED2C515ED60011160C /* StatisticModel.swift in Sources */,
				24A15B582C442C3B00CFE811 /* CoinDataService.swift in Sources */,
				24EC11B82C3E9534002BEF69 /* CoinRowView.swift in Sources */,
				24A15B552C430DD800CFE811 /* HomeViewModel.swift in Sources */,
				24EC11992C3E613E002BEF69 /* ContentView.swift in Sources */,
				24EF0C922C454B1700FFE29F /* LocalFileManager.swift in Sources */,
				24C98FDB2C518F5F0001FC49 /* MarketDataModel.swift in Sources */,
				24EC11AE2C3E6804002BEF69 /* HomeView.swift in Sources */,
				244749EF2C51615E0011160C /* StatisticView.swift in Sources */,
				24EF0C8C2C45153700FFE29F /* CoinImageView.swift in Sources */,
				24EC11972C3E613E002BEF69 /* CryptoAppApp.swift in Sources */,
				2422EE4C2C47EE8800F83490 /* UIApplication.swift in Sources */,
				24EC11B12C3E699C002BEF69 /* CircleButtonView.swift in Sources */,
				24EF0C892C45123D00FFE29F /* NetworkingManager .swift in Sources */,
				24565E5A2C45BE8E00E162FB /* SearchBarView.swift in Sources */,
				24EC11A82C3E65A4002BEF69 /* Color.swift in Sources */,
				24C98FD92C5188170001FC49 /* HomeStatsView.swift in Sources */,
				24C98FDD2C522C190001FC49 /* MarketDataService.swift in Sources */,
				24EC11B32C3E6CE5002BEF69 /* CircleButtonAnimationView.swift in Sources */,
				24EF0C902C452D4700FFE29F /* CoinImageViewModel.swift in Sources */,
				24EC11BA2C3E95B7002BEF69 /* PreviewProvider.swift in Sources */,
				24EC11BC2C419CC2002BEF69 /* Double.swift in Sources */,
				24EF0C8E2C45237F00FFE29F /* CoinImageService.swift in Sources */,
				24EC11B62C3E7555002BEF69 /* CoinModel.swift in Sources */,
			);
			runOnlyForDeploymentPostprocessing = 0;
		};
/* End PBXSourcesBuildPhase section */

/* Begin XCBuildConfiguration section */
		24EC119F2C3E6140002BEF69 /* Debug */ = {
			isa = XCBuildConfiguration;
			buildSettings = {
				ALWAYS_SEARCH_USER_PATHS = NO;
				ASSETCATALOG_COMPILER_GENERATE_SWIFT_ASSET_SYMBOL_EXTENSIONS = YES;
				CLANG_ANALYZER_NONNULL = YES;
				CLANG_ANALYZER_NUMBER_OBJECT_CONVERSION = YES_AGGRESSIVE;
				CLANG_CXX_LANGUAGE_STANDARD = "gnu++20";
				CLANG_ENABLE_MODULES = YES;
				CLANG_ENABLE_OBJC_ARC = YES;
				CLANG_ENABLE_OBJC_WEAK = YES;
				CLANG_WARN_BLOCK_CAPTURE_AUTORELEASING = YES;
				CLANG_WARN_BOOL_CONVERSION = YES;
				CLANG_WARN_COMMA = YES;
				CLANG_WARN_CONSTANT_CONVERSION = YES;
				CLANG_WARN_DEPRECATED_OBJC_IMPLEMENTATIONS = YES;
				CLANG_WARN_DIRECT_OBJC_ISA_USAGE = YES_ERROR;
				CLANG_WARN_DOCUMENTATION_COMMENTS = YES;
				CLANG_WARN_EMPTY_BODY = YES;
				CLANG_WARN_ENUM_CONVERSION = YES;
				CLANG_WARN_INFINITE_RECURSION = YES;
				CLANG_WARN_INT_CONVERSION = YES;
				CLANG_WARN_NON_LITERAL_NULL_CONVERSION = YES;
				CLANG_WARN_OBJC_IMPLICIT_RETAIN_SELF = YES;
				CLANG_WARN_OBJC_LITERAL_CONVERSION = YES;
				CLANG_WARN_OBJC_ROOT_CLASS = YES_ERROR;
				CLANG_WARN_QUOTED_INCLUDE_IN_FRAMEWORK_HEADER = YES;
				CLANG_WARN_RANGE_LOOP_ANALYSIS = YES;
				CLANG_WARN_STRICT_PROTOTYPES = YES;
				CLANG_WARN_SUSPICIOUS_MOVE = YES;
				CLANG_WARN_UNGUARDED_AVAILABILITY = YES_AGGRESSIVE;
				CLANG_WARN_UNREACHABLE_CODE = YES;
				CLANG_WARN__DUPLICATE_METHOD_MATCH = YES;
				COPY_PHASE_STRIP = NO;
				DEBUG_INFORMATION_FORMAT = dwarf;
				ENABLE_STRICT_OBJC_MSGSEND = YES;
				ENABLE_TESTABILITY = YES;
				ENABLE_USER_SCRIPT_SANDBOXING = YES;
				GCC_C_LANGUAGE_STANDARD = gnu17;
				GCC_DYNAMIC_NO_PIC = NO;
				GCC_NO_COMMON_BLOCKS = YES;
				GCC_OPTIMIZATION_LEVEL = 0;
				GCC_PREPROCESSOR_DEFINITIONS = (
					"DEBUG=1",
					"$(inherited)",
				);
				GCC_WARN_64_TO_32_BIT_CONVERSION = YES;
				GCC_WARN_ABOUT_RETURN_TYPE = YES_ERROR;
				GCC_WARN_UNDECLARED_SELECTOR = YES;
				GCC_WARN_UNINITIALIZED_AUTOS = YES_AGGRESSIVE;
				GCC_WARN_UNUSED_FUNCTION = YES;
				GCC_WARN_UNUSED_VARIABLE = YES;
				IPHONEOS_DEPLOYMENT_TARGET = 18.0;
				LOCALIZATION_PREFERS_STRING_CATALOGS = YES;
				MTL_ENABLE_DEBUG_INFO = INCLUDE_SOURCE;
				MTL_FAST_MATH = YES;
				ONLY_ACTIVE_ARCH = YES;
				SDKROOT = iphoneos;
				SWIFT_ACTIVE_COMPILATION_CONDITIONS = "DEBUG $(inherited)";
				SWIFT_OPTIMIZATION_LEVEL = "-Onone";
			};
			name = Debug;
		};
		24EC11A02C3E6140002BEF69 /* Release */ = {
			isa = XCBuildConfiguration;
			buildSettings = {
				ALWAYS_SEARCH_USER_PATHS = NO;
				ASSETCATALOG_COMPILER_GENERATE_SWIFT_ASSET_SYMBOL_EXTENSIONS = YES;
				CLANG_ANALYZER_NONNULL = YES;
				CLANG_ANALYZER_NUMBER_OBJECT_CONVERSION = YES_AGGRESSIVE;
				CLANG_CXX_LANGUAGE_STANDARD = "gnu++20";
				CLANG_ENABLE_MODULES = YES;
				CLANG_ENABLE_OBJC_ARC = YES;
				CLANG_ENABLE_OBJC_WEAK = YES;
				CLANG_WARN_BLOCK_CAPTURE_AUTORELEASING = YES;
				CLANG_WARN_BOOL_CONVERSION = YES;
				CLANG_WARN_COMMA = YES;
				CLANG_WARN_CONSTANT_CONVERSION = YES;
				CLANG_WARN_DEPRECATED_OBJC_IMPLEMENTATIONS = YES;
				CLANG_WARN_DIRECT_OBJC_ISA_USAGE = YES_ERROR;
				CLANG_WARN_DOCUMENTATION_COMMENTS = YES;
				CLANG_WARN_EMPTY_BODY = YES;
				CLANG_WARN_ENUM_CONVERSION = YES;
				CLANG_WARN_INFINITE_RECURSION = YES;
				CLANG_WARN_INT_CONVERSION = YES;
				CLANG_WARN_NON_LITERAL_NULL_CONVERSION = YES;
				CLANG_WARN_OBJC_IMPLICIT_RETAIN_SELF = YES;
				CLANG_WARN_OBJC_LITERAL_CONVERSION = YES;
				CLANG_WARN_OBJC_ROOT_CLASS = YES_ERROR;
				CLANG_WARN_QUOTED_INCLUDE_IN_FRAMEWORK_HEADER = YES;
				CLANG_WARN_RANGE_LOOP_ANALYSIS = YES;
				CLANG_WARN_STRICT_PROTOTYPES = YES;
				CLANG_WARN_SUSPICIOUS_MOVE = YES;
				CLANG_WARN_UNGUARDED_AVAILABILITY = YES_AGGRESSIVE;
				CLANG_WARN_UNREACHABLE_CODE = YES;
				CLANG_WARN__DUPLICATE_METHOD_MATCH = YES;
				COPY_PHASE_STRIP = NO;
				DEBUG_INFORMATION_FORMAT = "dwarf-with-dsym";
				ENABLE_NS_ASSERTIONS = NO;
				ENABLE_STRICT_OBJC_MSGSEND = YES;
				ENABLE_USER_SCRIPT_SANDBOXING = YES;
				GCC_C_LANGUAGE_STANDARD = gnu17;
				GCC_NO_COMMON_BLOCKS = YES;
				GCC_WARN_64_TO_32_BIT_CONVERSION = YES;
				GCC_WARN_ABOUT_RETURN_TYPE = YES_ERROR;
				GCC_WARN_UNDECLARED_SELECTOR = YES;
				GCC_WARN_UNINITIALIZED_AUTOS = YES_AGGRESSIVE;
				GCC_WARN_UNUSED_FUNCTION = YES;
				GCC_WARN_UNUSED_VARIABLE = YES;
				IPHONEOS_DEPLOYMENT_TARGET = 18.0;
				LOCALIZATION_PREFERS_STRING_CATALOGS = YES;
				MTL_ENABLE_DEBUG_INFO = NO;
				MTL_FAST_MATH = YES;
				SDKROOT = iphoneos;
				SWIFT_COMPILATION_MODE = wholemodule;
				VALIDATE_PRODUCT = YES;
			};
			name = Release;
		};
		24EC11A22C3E6140002BEF69 /* Debug */ = {
			isa = XCBuildConfiguration;
			buildSettings = {
				ASSETCATALOG_COMPILER_APPICON_NAME = AppIcon;
				ASSETCATALOG_COMPILER_GLOBAL_ACCENT_COLOR_NAME = AccentColor;
				CODE_SIGN_STYLE = Automatic;
				CURRENT_PROJECT_VERSION = 1;
				DEVELOPMENT_ASSET_PATHS = "\"CryptoApp/Preview Content\"";
				ENABLE_PREVIEWS = YES;
				GENERATE_INFOPLIST_FILE = YES;
				INFOPLIST_KEY_CFBundleDisplayName = "Crypto Tracker";
				INFOPLIST_KEY_UIApplicationSceneManifest_Generation = YES;
				INFOPLIST_KEY_UIApplicationSupportsIndirectInputEvents = YES;
				INFOPLIST_KEY_UILaunchScreen_Generation = YES;
				INFOPLIST_KEY_UISupportedInterfaceOrientations = UIInterfaceOrientationPortrait;
				IPHONEOS_DEPLOYMENT_TARGET = 15.0;
				LD_RUNPATH_SEARCH_PATHS = (
					"$(inherited)",
					"@executable_path/Frameworks",
				);
				MARKETING_VERSION = 1.0;
				PRODUCT_BUNDLE_IDENTIFIER = org.KaramjeetSingh.CryptoApp;
				PRODUCT_NAME = "$(TARGET_NAME)";
				SUPPORTED_PLATFORMS = "iphoneos iphonesimulator";
				SUPPORTS_MACCATALYST = NO;
				SUPPORTS_MAC_DESIGNED_FOR_IPHONE_IPAD = NO;
				SUPPORTS_XR_DESIGNED_FOR_IPHONE_IPAD = NO;
				SWIFT_EMIT_LOC_STRINGS = YES;
				SWIFT_VERSION = 5.0;
				TARGETED_DEVICE_FAMILY = "1,2";
			};
			name = Debug;
		};
		24EC11A32C3E6140002BEF69 /* Release */ = {
			isa = XCBuildConfiguration;
			buildSettings = {
				ASSETCATALOG_COMPILER_APPICON_NAME = AppIcon;
				ASSETCATALOG_COMPILER_GLOBAL_ACCENT_COLOR_NAME = AccentColor;
				CODE_SIGN_STYLE = Automatic;
				CURRENT_PROJECT_VERSION = 1;
				DEVELOPMENT_ASSET_PATHS = "\"CryptoApp/Preview Content\"";
				ENABLE_PREVIEWS = YES;
				GENERATE_INFOPLIST_FILE = YES;
				INFOPLIST_KEY_CFBundleDisplayName = "Crypto Tracker";
				INFOPLIST_KEY_UIApplicationSceneManifest_Generation = YES;
				INFOPLIST_KEY_UIApplicationSupportsIndirectInputEvents = YES;
				INFOPLIST_KEY_UILaunchScreen_Generation = YES;
				INFOPLIST_KEY_UISupportedInterfaceOrientations = UIInterfaceOrientationPortrait;
				IPHONEOS_DEPLOYMENT_TARGET = 15.0;
				LD_RUNPATH_SEARCH_PATHS = (
					"$(inherited)",
					"@executable_path/Frameworks",
				);
				MARKETING_VERSION = 1.0;
				PRODUCT_BUNDLE_IDENTIFIER = org.KaramjeetSingh.CryptoApp;
				PRODUCT_NAME = "$(TARGET_NAME)";
				SUPPORTED_PLATFORMS = "iphoneos iphonesimulator";
				SUPPORTS_MACCATALYST = NO;
				SUPPORTS_MAC_DESIGNED_FOR_IPHONE_IPAD = NO;
				SUPPORTS_XR_DESIGNED_FOR_IPHONE_IPAD = NO;
				SWIFT_EMIT_LOC_STRINGS = YES;
				SWIFT_VERSION = 5.0;
				TARGETED_DEVICE_FAMILY = "1,2";
			};
			name = Release;
		};
/* End XCBuildConfiguration section */

/* Begin XCConfigurationList section */
		24EC118E2C3E613E002BEF69 /* Build configuration list for PBXProject "CryptoApp" */ = {
			isa = XCConfigurationList;
			buildConfigurations = (
				24EC119F2C3E6140002BEF69 /* Debug */,
				24EC11A02C3E6140002BEF69 /* Release */,
			);
			defaultConfigurationIsVisible = 0;
			defaultConfigurationName = Release;
		};
		24EC11A12C3E6140002BEF69 /* Build configuration list for PBXNativeTarget "CryptoApp" */ = {
			isa = XCConfigurationList;
			buildConfigurations = (
				24EC11A22C3E6140002BEF69 /* Debug */,
				24EC11A32C3E6140002BEF69 /* Release */,
			);
			defaultConfigurationIsVisible = 0;
			defaultConfigurationName = Release;
		};
/* End XCConfigurationList section */
	};
	rootObject = 24EC118B2C3E613E002BEF69 /* Project object */;
}
